lockfileVersion: '9.0'

settings:
  autoInstallPeers: true
  excludeLinksFromLockfile: false

importers:

  .:
    devDependencies:
      turbo:
        specifier: ^2.8.19
        version: 2.8.19
      typescript:
        specifier: ^5.9.3
        version: 5.9.3

packages:

  '@turbo/darwin-64@2.8.19':
    resolution: {integrity: sha512-WNzpqJV7rO/oKmsxjtSFXuV87fZb/qxzeGWXJng4oHFz7iPOFSWrPb2gTazJgoTvXUfe1kOH2o0F+zFrerwzRw==}
    cpu: [x64]
    os: [darwin]

  '@turbo/darwin-arm64@2.8.19':
    resolution: {integrity: sha512-KTq8/PH0/ml9bNFomZ2VjmOqW6RYPRqBqV5CfNeD5ekJMuNwJUdeQz0qXguxCzW4OkHCnTdPeKIehR0cdQObPg==}
    cpu: [arm64]
    os: [darwin]

  '@turbo/linux-64@2.8.19':
    resolution: {integrity: sha512-d0xcXiGUt1Q/HzMfgkqai5KyXrassLRuUZhxmUs4ZX99tQFbqRL2/CkSKCnMqyDv7c0K5eugLerVUY+DYr1DQg==}
    cpu: [x64]
    os: [linux]

  '@turbo/linux-arm64@2.8.19':
    resolution: {integrity: sha512-UX3r1iwqsOK8dMgKFtZpDqZk7feqHXZJ/EQAknh0SVQrnc4vkm6mZqjX4j2j3DVoSo4Ho8xGITYlor9Xxsyomw==}
    cpu: [arm64]
    os: [linux]

  '@turbo/windows-64@2.8.19':
    resolution: {integrity: sha512-3MrvD/gMYWfQKZVZOeilKm1629zPG0+KlErZbI0n9Nr3L32+5qrZOF/cgWErukLnOSR38whgf8t2WaPJQALqxg==}
    cpu: [x64]
    os: [win32]

  '@turbo/windows-arm64@2.8.19':
    resolution: {integrity: sha512-j+8mi7kyEgT7cUTPOtPJS8KbTWxu4+OQBiDIo+zklz/RKV4hoN+k4+J8iCM9Nj+o+SVnzc01xSI+s3eBG0MDSA==}
    cpu: [arm64]
    os: [win32]

  turbo@2.8.19:
    resolution: {integrity: sha512-9NTKvQZ/02XnJCSU4mF5gvAPK+nuLbvCtft/NE8dJeOwaup0bJ14rYx7TxmSXp8JJuAN8nAjqfXWFsWwoQSFHg==}
    hasBin: true

  typescript@5.9.3:
    resolution: {integrity: sha512-jl1vZzPDinLr9eUt3J/t7V6FgNEw9QjvBPdysz9KfQDD41fQrC2Y4vKQdiaUpFT4bXlb1RHhLpp8wtm6M5TgSw==}
    engines: {node: '>=14.17'}
    hasBin: true

snapshots:

  '@turbo/darwin-64@2.8.19':
    optional: true

  '@turbo/darwin-arm64@2.8.19':
    optional: true

  '@turbo/linux-64@2.8.19':
    optional: true

  '@turbo/linux-arm64@2.8.19':
    optional: true

  '@turbo/windows-64@2.8.19':
    optional: true

  '@turbo/windows-arm64@2.8.19':
    optional: true

  turbo@2.8.19:
    optionalDependencies:
      '@turbo/darwin-64': 2.8.19
      '@turbo/darwin-arm64': 2.8.19
      '@turbo/linux-64': 2.8.19
      '@turbo/linux-arm64': 2.8.19
      '@turbo/windows-64': 2.8.19
      '@turbo/windows-arm64': 2.8.19

  typescript@5.9.3: {}
